
Microsoft Visual Studio Solution File, Format Version 12.00
# Visual Studio Version 17
VisualStudioVersion = 17.3.32929.385
MinimumVisualStudioVersion = 10.0.40219.1
Project("{FAE04EC0-301F-11D3-BF4B-00C04F79EFBC}") = "Proabilites Project", "Proabilites Project\Proabilites Project.csproj", "{D3DC7CB6-327A-40D4-9303-693B70B4D3F8}"
EndProject
Global
	GlobalSection(SolutionConfigurationPlatforms) = preSolution
		Debug|Any CPU = Debug|Any CPU
		Release|Any CPU = Release|Any CPU
	EndGlobalSection
	GlobalSection(ProjectConfigurationPlatforms) = postSolution
		{D3DC7CB6-327A-40D4-9303-693B70B4D3F8}.Debug|Any CPU.ActiveCfg = Debug|Any CPU
		{D3DC7CB6-327A-40D4-9303-693B70B4D3F8}.Debug|Any CPU.Build.0 = Debug|Any CPU
		{D3DC7CB6-327A-40D4-9303-693B70B4D3F8}.Release|Any CPU.ActiveCfg = Release|Any CPU
		{D3DC7CB6-327A-40D4-9303-693B70B4D3F8}.Release|Any CPU.Build.0 = Release|Any CPU
	EndGlobalSection
	GlobalSection(SolutionProperties) = preSolution
		HideSolutionNode = FALSE
	EndGlobalSection
	GlobalSection(ExtensibilityGlobals) = postSolution
		SolutionGuid = {1CF13212-4EED-4D81-A349-D975FBA60184}
	EndGlobalSection
EndGlobal
